{
  "nodes": {
    "flake-compat": {
      "locked": {
        "lastModified": 1761640442,
        "narHash": "sha256-AtrEP6Jmdvrqiv4x2xa5mrtaIp3OEe8uBYCDZDS+hu8=",
        "owner": "nix-community",
        "repo": "flake-compat",
        "rev": "4a56054d8ffc173222d09dad23adf4ba946c8884",
        "type": "github"
      },
      "original": {
        "owner": "nix-community",
        "repo": "flake-compat",
        "type": "github"
      }
    },
    "home": {
      "inputs": {
        "nixpkgs": [
          "nixpkgs"
        ]
      },
      "locked": {
        "lastModified": 1788146656,
        "narHash": "sha256-XmJmvk9rytTb7dCotO/aqR+YysB8HOqnprlOdv+LAF4=",
        "owner": "nix-community",
        "repo": "home-manager",
        "rev": "82c265faf4e3161d6015db07c9b0f1ee36a9029b",
        "type": "github"
      },
      "original": {
        "owner": "nix-community",
        "repo": "home-manager",
        "type": "github"
      }
    },
    "nixpkgs": {
      "locked": {
        "lastModified": 1788039129,
        "narHash": "sha256-q/WSLUzcry6IHERr2wZ/Si63RvoHyez7AZ6P+oLDJ5k=",
        "rev": "d2f67949798825fe853f7c5d0492b8bf016d3f88",
        "type": "tarball",
        "url": "https://releases.nixos.org/nixos/unstable/nixos-26.11pre1064150.d2f679497988/nixexprs.tar.xz"
      },
      "original": {
        "id": "nixpkgs",
        "ref": "nixos-unstable",
        "type": "indirect"
      }
    },
    "root": {
      "inputs": {
        "flake-compat": "flake-compat",
        "home": "home",
        "nixpkgs": "nixpkgs"
      }
    }
  },
  "root": "root",
  "version": 7
}
